
Microsoft Visual Studio Solution File, Format Version 12.00
# Visual Studio 15
VisualStudioVersion = 15.0.28307.421
MinimumVisualStudioVersion = 10.0.40219.1
Project("{FAE04EC0-301F-11D3-BF4B-00C04F79EFBC}") = "Lambda", "Lambda\Lambda.csproj", "{7B72FA04-288A-4EE9-B700-C5B082819CB5}"
EndProject
Global
	GlobalSection(SolutionConfigurationPlatforms) = preSolution
		Debug|Any CPU = Debug|Any CPU
		Release|Any CPU = Release|Any CPU
	EndGlobalSection
	GlobalSection(ProjectConfigurationPlatforms) = postSolution
		{7B72FA04-288A-4EE9-B700-C5B082819CB5}.Debug|Any CPU.ActiveCfg = Debug|Any CPU
		{7B72FA04-288A-4EE9-B700-C5B082819CB5}.Debug|Any CPU.Build.0 = Debug|Any CPU
		{7B72FA04-288A-4EE9-B700-C5B082819CB5}.Release|Any CPU.ActiveCfg = Release|Any CPU
		{7B72FA04-288A-4EE9-B700-C5B082819CB5}.Release|Any CPU.Build.0 = Release|Any CPU
	EndGlobalSection
	GlobalSection(SolutionProperties) = preSolution
		HideSolutionNode = FALSE
	EndGlobalSection
	GlobalSection(ExtensibilityGlobals) = postSolution
		SolutionGuid = {035D0178-DF96-4886-B8CE-CF56A721916C}
	EndGlobalSection
EndGlobal
